
Microsoft Visual Studio Solution File, Format Version 12.00
# Visual Studio Version 17
VisualStudioVersion = 17.14.36518.9
MinimumVisualStudioVersion = 10.0.40219.1
Project("{54A90642-561A-4BB1-A94E-469ADEE60C69}") = "excelanalysisai.web.client", "excelanalysisai.web.client\excelanalysisai.web.client.esproj", "{19F86199-513B-AC0D-3058-F5C881141FB2}"
EndProject
Project("{FAE04EC0-301F-11D3-BF4B-00C04F79EFBC}") = "ExcelAnalysisAI.Web.Server", "ExcelAnalysisAI.Web.Server\ExcelAnalysisAI.Web.Server.csproj", "{A2E818C9-ED32-40E5-A8C0-93EEECD9D752}"
EndProject
Project("{FAE04EC0-301F-11D3-BF4B-00C04F79EFBC}") = "AzureExcelChat.Console", "AzureExcelChat.Console\AzureExcelChat.Console.csproj", "{942A4690-8718-4741-A014-B8CC254904F0}"
EndProject
Project("{FAE04EC0-301F-11D3-BF4B-00C04F79EFBC}") = "ExcelAnalysisAI.AzureOpenAI", "ExcelAnalysisAI.AzureOpenAI\ExcelAnalysisAI.AzureOpenAI.csproj", "{EB1F57D8-687B-4218-A549-89AA5C829340}"
EndProject
Project("{FAE04EC0-301F-11D3-BF4B-00C04F79EFBC}") = "ExcelAnalysisAI.TestData.Console", "ExcelAnalysisAI.TestData.Console\ExcelAnalysisAI.TestData.Console.csproj", "{8F0D7162-6E9C-439C-A432-92B3AC74B578}"
EndProject
Project("{FAE04EC0-301F-11D3-BF4B-00C04F79EFBC}") = "ExcelAnalysisAI.Core", "ExcelAnalysisAI.Core\ExcelAnalysisAI.Core.csproj", "{4616FB55-6C43-4CA0-B556-9574E4E45CB8}"
EndProject
Global
	GlobalSection(SolutionConfigurationPlatforms) = preSolution
		Debug|Any CPU = Debug|Any CPU
		Debug|x64 = Debug|x64
		Debug|x86 = Debug|x86
		Release|Any CPU = Release|Any CPU
		Release|x64 = Release|x64
		Release|x86 = Release|x86
	EndGlobalSection
	GlobalSection(ProjectConfigurationPlatforms) = postSolution
		{19F86199-513B-AC0D-3058-F5C881141FB2}.Debug|Any CPU.ActiveCfg = Debug|Any CPU
		{19F86199-513B-AC0D-3058-F5C881141FB2}.Debug|Any CPU.Build.0 = Debug|Any CPU
		{19F86199-513B-AC0D-3058-F5C881141FB2}.Debug|Any CPU.Deploy.0 = Debug|Any CPU
		{19F86199-513B-AC0D-3058-F5C881141FB2}.Debug|x64.ActiveCfg = Debug|x64
		{19F86199-513B-AC0D-3058-F5C881141FB2}.Debug|x86.ActiveCfg = Debug|x86
		{19F86199-513B-AC0D-3058-F5C881141FB2}.Release|Any CPU.ActiveCfg = Release|Any CPU
		{19F86199-513B-AC0D-3058-F5C881141FB2}.Release|Any CPU.Build.0 = Release|Any CPU
		{19F86199-513B-AC0D-3058-F5C881141FB2}.Release|Any CPU.Deploy.0 = Release|Any CPU
		{19F86199-513B-AC0D-3058-F5C881141FB2}.Release|x64.ActiveCfg = Release|x64
		{19F86199-513B-AC0D-3058-F5C881141FB2}.Release|x86.ActiveCfg = Release|x86
		{A2E818C9-ED32-40E5-A8C0-93EEECD9D752}.Debug|Any CPU.ActiveCfg = Debug|Any CPU
		{A2E818C9-ED32-40E5-A8C0-93EEECD9D752}.Debug|Any CPU.Build.0 = Debug|Any CPU
		{A2E818C9-ED32-40E5-A8C0-93EEECD9D752}.Debug|x64.ActiveCfg = Debug|Any CPU
		{A2E818C9-ED32-40E5-A8C0-93EEECD9D752}.Debug|x64.Build.0 = Debug|Any CPU
		{A2E818C9-ED32-40E5-A8C0-93EEECD9D752}.Debug|x86.ActiveCfg = Debug|Any CPU
		{A2E818C9-ED32-40E5-A8C0-93EEECD9D752}.Debug|x86.Build.0 = Debug|Any CPU
		{A2E818C9-ED32-40E5-A8C0-93EEECD9D752}.Release|Any CPU.ActiveCfg = Release|Any CPU
		{A2E818C9-ED32-40E5-A8C0-93EEECD9D752}.Release|Any CPU.Build.0 = Release|Any CPU
		{A2E818C9-ED32-40E5-A8C0-93EEECD9D752}.Release|x64.ActiveCfg = Release|Any CPU
		{A2E818C9-ED32-40E5-A8C0-93EEECD9D752}.Release|x64.Build.0 = Release|Any CPU
		{A2E818C9-ED32-40E5-A8C0-93EEECD9D752}.Release|x86.ActiveCfg = Release|Any CPU
		{A2E818C9-ED32-40E5-A8C0-93EEECD9D752}.Release|x86.Build.0 = Release|Any CPU
		{942A4690-8718-4741-A014-B8CC254904F0}.Debug|Any CPU.ActiveCfg = Debug|Any CPU
		{942A4690-8718-4741-A014-B8CC254904F0}.Debug|Any CPU.Build.0 = Debug|Any CPU
		{942A4690-8718-4741-A014-B8CC254904F0}.Debug|x64.ActiveCfg = Debug|Any CPU
		{942A4690-8718-4741-A014-B8CC254904F0}.Debug|x64.Build.0 = Debug|Any CPU
		{942A4690-8718-4741-A014-B8CC254904F0}.Debug|x86.ActiveCfg = Debug|Any CPU
		{942A4690-8718-4741-A014-B8CC254904F0}.Debug|x86.Build.0 = Debug|Any CPU
		{942A4690-8718-4741-A014-B8CC254904F0}.Release|Any CPU.ActiveCfg = Release|Any CPU
		{942A4690-8718-4741-A014-B8CC254904F0}.Release|Any CPU.Build.0 = Release|Any CPU
		{942A4690-8718-4741-A014-B8CC254904F0}.Release|x64.ActiveCfg = Release|Any CPU
		{942A4690-8718-4741-A014-B8CC254904F0}.Release|x64.Build.0 = Release|Any CPU
		{942A4690-8718-4741-A014-B8CC254904F0}.Release|x86.ActiveCfg = Release|Any CPU
		{942A4690-8718-4741-A014-B8CC254904F0}.Release|x86.Build.0 = Release|Any CPU
		{EB1F57D8-687B-4218-A549-89AA5C829340}.Debug|Any CPU.ActiveCfg = Debug|Any CPU
		{EB1F57D8-687B-4218-A549-89AA5C829340}.Debug|Any CPU.Build.0 = Debug|Any CPU
		{EB1F57D8-687B-4218-A549-89AA5C829340}.Debug|x64.ActiveCfg = Debug|Any CPU
		{EB1F57D8-687B-4218-A549-89AA5C829340}.Debug|x64.Build.0 = Debug|Any CPU
		{EB1F57D8-687B-4218-A549-89AA5C829340}.Debug|x86.ActiveCfg = Debug|Any CPU
		{EB1F57D8-687B-4218-A549-89AA5C829340}.Debug|x86.Build.0 = Debug|Any CPU
		{EB1F57D8-687B-4218-A549-89AA5C829340}.Release|Any CPU.ActiveCfg = Release|Any CPU
		{EB1F57D8-687B-4218-A549-89AA5C829340}.Release|Any CPU.Build.0 = Release|Any CPU
		{EB1F57D8-687B-4218-A549-89AA5C829340}.Release|x64.ActiveCfg = Release|Any CPU
		{EB1F57D8-687B-4218-A549-89AA5C829340}.Release|x64.Build.0 = Release|Any CPU
		{EB1F57D8-687B-4218-A549-89AA5C829340}.Release|x86.ActiveCfg = Release|Any CPU
		{EB1F57D8-687B-4218-A549-89AA5C829340}.Release|x86.Build.0 = Release|Any CPU
		{8F0D7162-6E9C-439C-A432-92B3AC74B578}.Debug|Any CPU.ActiveCfg = Debug|Any CPU
		{8F0D7162-6E9C-439C-A432-92B3AC74B578}.Debug|Any CPU.Build.0 = Debug|Any CPU
		{8F0D7162-6E9C-439C-A432-92B3AC74B578}.Debug|x64.ActiveCfg = Debug|Any CPU
		{8F0D7162-6E9C-439C-A432-92B3AC74B578}.Debug|x64.Build.0 = Debug|Any CPU
		{8F0D7162-6E9C-439C-A432-92B3AC74B578}.Debug|x86.ActiveCfg = Debug|Any CPU
		{8F0D7162-6E9C-439C-A432-92B3AC74B578}.Debug|x86.Build.0 = Debug|Any CPU
		{8F0D7162-6E9C-439C-A432-92B3AC74B578}.Release|Any CPU.ActiveCfg = Release|Any CPU
		{8F0D7162-6E9C-439C-A432-92B3AC74B578}.Release|Any CPU.Build.0 = Release|Any CPU
		{8F0D7162-6E9C-439C-A432-92B3AC74B578}.Release|x64.ActiveCfg = Release|Any CPU
		{8F0D7162-6E9C-439C-A432-92B3AC74B578}.Release|x64.Build.0 = Release|Any CPU
		{8F0D7162-6E9C-439C-A432-92B3AC74B578}.Release|x86.ActiveCfg = Release|Any CPU
		{8F0D7162-6E9C-439C-A432-92B3AC74B578}.Release|x86.Build.0 = Release|Any CPU
		{4616FB55-6C43-4CA0-B556-9574E4E45CB8}.Debug|Any CPU.ActiveCfg = Debug|Any CPU
		{4616FB55-6C43-4CA0-B556-9574E4E45CB8}.Debug|Any CPU.Build.0 = Debug|Any CPU
		{4616FB55-6C43-4CA0-B556-9574E4E45CB8}.Debug|x64.ActiveCfg = Debug|Any CPU
		{4616FB55-6C43-4CA0-B556-9574E4E45CB8}.Debug|x64.Build.0 = Debug|Any CPU
		{4616FB55-6C43-4CA0-B556-9574E4E45CB8}.Debug|x86.ActiveCfg = Debug|Any CPU
		{4616FB55-6C43-4CA0-B556-9574E4E45CB8}.Debug|x86.Build.0 = Debug|Any CPU
		{4616FB55-6C43-4CA0-B556-9574E4E45CB8}.Release|Any CPU.ActiveCfg = Release|Any CPU
		{4616FB55-6C43-4CA0-B556-9574E4E45CB8}.Release|Any CPU.Build.0 = Release|Any CPU
		{4616FB55-6C43-4CA0-B556-9574E4E45CB8}.Release|x64.ActiveCfg = Release|Any CPU
		{4616FB55-6C43-4CA0-B556-9574E4E45CB8}.Release|x64.Build.0 = Release|Any CPU
		{4616FB55-6C43-4CA0-B556-9574E4E45CB8}.Release|x86.ActiveCfg = Release|Any CPU
		{4616FB55-6C43-4CA0-B556-9574E4E45CB8}.Release|x86.Build.0 = Release|Any CPU
	EndGlobalSection
	GlobalSection(SolutionProperties) = preSolution
		HideSolutionNode = FALSE
	EndGlobalSection
	GlobalSection(ExtensibilityGlobals) = postSolution
		SolutionGuid = {AE980552-645C-4D68-901E-6656CF0D5670}
	EndGlobalSection
EndGlobal
