
Microsoft Visual Studio Solution File, Format Version 12.00
# Visual Studio Version 17
VisualStudioVersion = 17.14.36518.9
MinimumVisualStudioVersion = 10.0.40219.1
Project("{54A90642-561A-4BB1-A94E-469ADEE60C69}") = "excelanalysisai.web.client", "excelanalysisai.web.client\excelanalysisai.web.client.esproj", "{19F86199-513B-AC0D-3058-F5C881141FB2}"
EndProject
Project("{FAE04EC0-301F-11D3-BF4B-00C04F79EFBC}") = "ExcelAnalysisAI.Web.Server", "ExcelAnalysisAI.Web.Server\ExcelAnalysisAI.Web.Server.csproj", "{A2E818C9-ED32-40E5-A8C0-93EEECD9D752}"
EndProject
Project("{FAE04EC0-301F-11D3-BF4B-00C04F79EFBC}") = "AzureExcelChat.Console", "AzureExcelChat.Console\AzureExcelChat.Console.csproj", "{942A4690-8718-4741-A014-B8CC254904F0}"
EndProject
Global
	GlobalSection(SolutionConfigurationPlatforms) = preSolution
		Debug|Any CPU = Debug|Any CPU
		Release|Any CPU = Release|Any CPU
	EndGlobalSection
	GlobalSection(ProjectConfigurationPlatforms) = postSolution
		{19F86199-513B-AC0D-3058-F5C881141FB2}.Debug|Any CPU.ActiveCfg = Debug|Any CPU
		{19F86199-513B-AC0D-3058-F5C881141FB2}.Debug|Any CPU.Build.0 = Debug|Any CPU
		{19F86199-513B-AC0D-3058-F5C881141FB2}.Debug|Any CPU.Deploy.0 = Debug|Any CPU
		{19F86199-513B-AC0D-3058-F5C881141FB2}.Release|Any CPU.ActiveCfg = Release|Any CPU
		{19F86199-513B-AC0D-3058-F5C881141FB2}.Release|Any CPU.Build.0 = Release|Any CPU
		{19F86199-513B-AC0D-3058-F5C881141FB2}.Release|Any CPU.Deploy.0 = Release|Any CPU
		{A2E818C9-ED32-40E5-A8C0-93EEECD9D752}.Debug|Any CPU.ActiveCfg = Debug|Any CPU
		{A2E818C9-ED32-40E5-A8C0-93EEECD9D752}.Debug|Any CPU.Build.0 = Debug|Any CPU
		{A2E818C9-ED32-40E5-A8C0-93EEECD9D752}.Release|Any CPU.ActiveCfg = Release|Any CPU
		{A2E818C9-ED32-40E5-A8C0-93EEECD9D752}.Release|Any CPU.Build.0 = Release|Any CPU
		{942A4690-8718-4741-A014-B8CC254904F0}.Debug|Any CPU.ActiveCfg = Debug|Any CPU
		{942A4690-8718-4741-A014-B8CC254904F0}.Debug|Any CPU.Build.0 = Debug|Any CPU
		{942A4690-8718-4741-A014-B8CC254904F0}.Release|Any CPU.ActiveCfg = Release|Any CPU
		{942A4690-8718-4741-A014-B8CC254904F0}.Release|Any CPU.Build.0 = Release|Any CPU
	EndGlobalSection
	GlobalSection(SolutionProperties) = preSolution
		HideSolutionNode = FALSE
	EndGlobalSection
	GlobalSection(ExtensibilityGlobals) = postSolution
		SolutionGuid = {AE980552-645C-4D68-901E-6656CF0D5670}
	EndGlobalSection
EndGlobal
