
Microsoft Visual Studio Solution File, Format Version 12.00
# Visual Studio Version 17
VisualStudioVersion = 17.14.36518.9
MinimumVisualStudioVersion = 10.0.40219.1
Project("{54A90642-561A-4BB1-A94E-469ADEE60C69}") = "excelanalysisai.web.client", "excelanalysisai.web.client\excelanalysisai.web.client.esproj", "{19F86199-513B-AC0D-3058-F5C881141FB2}"
EndProject
Project("{FAE04EC0-301F-11D3-BF4B-00C04F79EFBC}") = "ExcelAnalysisAI.Web.Server", "ExcelAnalysisAI.Web.Server\ExcelAnalysisAI.Web.Server.csproj", "{A2E818C9-ED32-40E5-A8C0-93EEECD9D752}"
EndProject
Project("{FAE04EC0-301F-11D3-BF4B-00C04F79EFBC}") = "ExcelAnalysisAI.AzureOpenAI", "ExcelAnalysisAI.AzureOpenAI\ExcelAnalysisAI.AzureOpenAI.csproj", "{EB1F57D8-687B-4218-A549-89AA5C829340}"
EndProject
Project("{FAE04EC0-301F-11D3-BF4B-00C04F79EFBC}") = "ExcelAnalysisAI.TestData.Console", "ExcelAnalysisAI.TestData.Console\ExcelAnalysisAI.TestData.Console.csproj", "{8F0D7162-6E9C-439C-A432-92B3AC74B578}"
EndProject
Project("{FAE04EC0-301F-11D3-BF4B-00C04F79EFBC}") = "ExcelAnalysisAI.Core", "ExcelAnalysisAI.Core\ExcelAnalysisAI.Core.csproj", "{4616FB55-6C43-4CA0-B556-9574E4E45CB8}"
EndProject
Project("{2150E333-8FDC-42A3-9474-1A3956D46DE8}") = "Domain", "Domain", "{02EA681E-C7D8-13C7-8484-4AC65E1B71E8}"
EndProject
Project("{2150E333-8FDC-42A3-9474-1A3956D46DE8}") = "Web", "Web", "{70717A9F-5A3C-4AA0-B667-B66304ADFDD8}"
EndProject
Project("{2150E333-8FDC-42A3-9474-1A3956D46DE8}") = "Console", "Console", "{9D37520C-849C-48B4-A7F4-5EA99FF9B54D}"
EndProject
Project("{2150E333-8FDC-42A3-9474-1A3956D46DE8}") = "DevTools", "DevTools", "{05B51961-0C61-4BFF-9F89-D1CFB3622D92}"
EndProject
Project("{2150E333-8FDC-42A3-9474-1A3956D46DE8}") = "ClientApps", "ClientApps", "{C4FDA586-14B4-4E42-92B2-297ECC7BC729}"
EndProject
Project("{FAE04EC0-301F-11D3-BF4B-00C04F79EFBC}") = "ExcelAnalysisAI.AzureOpenAI.SemanticKernel", "ExcelAnalysisAI.AzureOpenAI.SemanticKernel\ExcelAnalysisAI.AzureOpenAI.SemanticKernel.csproj", "{58F31B37-4D59-429D-AC63-1A5BA8897BBC}"
EndProject
Project("{FAE04EC0-301F-11D3-BF4B-00C04F79EFBC}") = "ExcelAnalysisAI.Processing.Core", "ExcelAnalysisAI.Processing.Core\ExcelAnalysisAI.Processing.Core.csproj", "{891A6C63-1908-42AE-B049-858B0F7F511A}"
EndProject
Project("{FAE04EC0-301F-11D3-BF4B-00C04F79EFBC}") = "ExcelAnalysisAI.Processing.InitialSample", "ExcelAnalysisAI.Processing.InitialSample\ExcelAnalysisAI.Processing.InitialSample.csproj", "{486DE195-0B42-4429-80DD-2E7EAEC39045}"
EndProject
Project("{FAE04EC0-301F-11D3-BF4B-00C04F79EFBC}") = "ExcelAnalysisAI.Console", "ExcelAnalysisAI.Console\ExcelAnalysisAI.Console.csproj", "{934D22AD-8BCA-42C4-890A-9421429504D9}"
EndProject
Global
	GlobalSection(SolutionConfigurationPlatforms) = preSolution
		Debug|Any CPU = Debug|Any CPU
		Debug|x64 = Debug|x64
		Debug|x86 = Debug|x86
		Release|Any CPU = Release|Any CPU
		Release|x64 = Release|x64
		Release|x86 = Release|x86
	EndGlobalSection
	GlobalSection(ProjectConfigurationPlatforms) = postSolution
		{19F86199-513B-AC0D-3058-F5C881141FB2}.Debug|Any CPU.ActiveCfg = Debug|Any CPU
		{19F86199-513B-AC0D-3058-F5C881141FB2}.Debug|Any CPU.Build.0 = Debug|Any CPU
		{19F86199-513B-AC0D-3058-F5C881141FB2}.Debug|Any CPU.Deploy.0 = Debug|Any CPU
		{19F86199-513B-AC0D-3058-F5C881141FB2}.Debug|x64.ActiveCfg = Debug|x64
		{19F86199-513B-AC0D-3058-F5C881141FB2}.Debug|x86.ActiveCfg = Debug|x86
		{19F86199-513B-AC0D-3058-F5C881141FB2}.Release|Any CPU.ActiveCfg = Release|Any CPU
		{19F86199-513B-AC0D-3058-F5C881141FB2}.Release|Any CPU.Build.0 = Release|Any CPU
		{19F86199-513B-AC0D-3058-F5C881141FB2}.Release|Any CPU.Deploy.0 = Release|Any CPU
		{19F86199-513B-AC0D-3058-F5C881141FB2}.Release|x64.ActiveCfg = Release|x64
		{19F86199-513B-AC0D-3058-F5C881141FB2}.Release|x86.ActiveCfg = Release|x86
		{A2E818C9-ED32-40E5-A8C0-93EEECD9D752}.Debug|Any CPU.ActiveCfg = Debug|Any CPU
		{A2E818C9-ED32-40E5-A8C0-93EEECD9D752}.Debug|Any CPU.Build.0 = Debug|Any CPU
		{A2E818C9-ED32-40E5-A8C0-93EEECD9D752}.Debug|x64.ActiveCfg = Debug|Any CPU
		{A2E818C9-ED32-40E5-A8C0-93EEECD9D752}.Debug|x64.Build.0 = Debug|Any CPU
		{A2E818C9-ED32-40E5-A8C0-93EEECD9D752}.Debug|x86.ActiveCfg = Debug|Any CPU
		{A2E818C9-ED32-40E5-A8C0-93EEECD9D752}.Debug|x86.Build.0 = Debug|Any CPU
		{A2E818C9-ED32-40E5-A8C0-93EEECD9D752}.Release|Any CPU.ActiveCfg = Release|Any CPU
		{A2E818C9-ED32-40E5-A8C0-93EEECD9D752}.Release|Any CPU.Build.0 = Release|Any CPU
		{A2E818C9-ED32-40E5-A8C0-93EEECD9D752}.Release|x64.ActiveCfg = Release|Any CPU
		{A2E818C9-ED32-40E5-A8C0-93EEECD9D752}.Release|x64.Build.0 = Release|Any CPU
		{A2E818C9-ED32-40E5-A8C0-93EEECD9D752}.Release|x86.ActiveCfg = Release|Any CPU
		{A2E818C9-ED32-40E5-A8C0-93EEECD9D752}.Release|x86.Build.0 = Release|Any CPU
		{EB1F57D8-687B-4218-A549-89AA5C829340}.Debug|Any CPU.ActiveCfg = Debug|Any CPU
		{EB1F57D8-687B-4218-A549-89AA5C829340}.Debug|Any CPU.Build.0 = Debug|Any CPU
		{EB1F57D8-687B-4218-A549-89AA5C829340}.Debug|x64.ActiveCfg = Debug|Any CPU
		{EB1F57D8-687B-4218-A549-89AA5C829340}.Debug|x64.Build.0 = Debug|Any CPU
		{EB1F57D8-687B-4218-A549-89AA5C829340}.Debug|x86.ActiveCfg = Debug|Any CPU
		{EB1F57D8-687B-4218-A549-89AA5C829340}.Debug|x86.Build.0 = Debug|Any CPU
		{EB1F57D8-687B-4218-A549-89AA5C829340}.Release|Any CPU.ActiveCfg = Release|Any CPU
		{EB1F57D8-687B-4218-A549-89AA5C829340}.Release|Any CPU.Build.0 = Release|Any CPU
		{EB1F57D8-687B-4218-A549-89AA5C829340}.Release|x64.ActiveCfg = Release|Any CPU
		{EB1F57D8-687B-4218-A549-89AA5C829340}.Release|x64.Build.0 = Release|Any CPU
		{EB1F57D8-687B-4218-A549-89AA5C829340}.Release|x86.ActiveCfg = Release|Any CPU
		{EB1F57D8-687B-4218-A549-89AA5C829340}.Release|x86.Build.0 = Release|Any CPU
		{8F0D7162-6E9C-439C-A432-92B3AC74B578}.Debug|Any CPU.ActiveCfg = Debug|Any CPU
		{8F0D7162-6E9C-439C-A432-92B3AC74B578}.Debug|Any CPU.Build.0 = Debug|Any CPU
		{8F0D7162-6E9C-439C-A432-92B3AC74B578}.Debug|x64.ActiveCfg = Debug|Any CPU
		{8F0D7162-6E9C-439C-A432-92B3AC74B578}.Debug|x64.Build.0 = Debug|Any CPU
		{8F0D7162-6E9C-439C-A432-92B3AC74B578}.Debug|x86.ActiveCfg = Debug|Any CPU
		{8F0D7162-6E9C-439C-A432-92B3AC74B578}.Debug|x86.Build.0 = Debug|Any CPU
		{8F0D7162-6E9C-439C-A432-92B3AC74B578}.Release|Any CPU.ActiveCfg = Release|Any CPU
		{8F0D7162-6E9C-439C-A432-92B3AC74B578}.Release|Any CPU.Build.0 = Release|Any CPU
		{8F0D7162-6E9C-439C-A432-92B3AC74B578}.Release|x64.ActiveCfg = Release|Any CPU
		{8F0D7162-6E9C-439C-A432-92B3AC74B578}.Release|x64.Build.0 = Release|Any CPU
		{8F0D7162-6E9C-439C-A432-92B3AC74B578}.Release|x86.ActiveCfg = Release|Any CPU
		{8F0D7162-6E9C-439C-A432-92B3AC74B578}.Release|x86.Build.0 = Release|Any CPU
		{4616FB55-6C43-4CA0-B556-9574E4E45CB8}.Debug|Any CPU.ActiveCfg = Debug|Any CPU
		{4616FB55-6C43-4CA0-B556-9574E4E45CB8}.Debug|Any CPU.Build.0 = Debug|Any CPU
		{4616FB55-6C43-4CA0-B556-9574E4E45CB8}.Debug|x64.ActiveCfg = Debug|Any CPU
		{4616FB55-6C43-4CA0-B556-9574E4E45CB8}.Debug|x64.Build.0 = Debug|Any CPU
		{4616FB55-6C43-4CA0-B556-9574E4E45CB8}.Debug|x86.ActiveCfg = Debug|Any CPU
		{4616FB55-6C43-4CA0-B556-9574E4E45CB8}.Debug|x86.Build.0 = Debug|Any CPU
		{4616FB55-6C43-4CA0-B556-9574E4E45CB8}.Release|Any CPU.ActiveCfg = Release|Any CPU
		{4616FB55-6C43-4CA0-B556-9574E4E45CB8}.Release|Any CPU.Build.0 = Release|Any CPU
		{4616FB55-6C43-4CA0-B556-9574E4E45CB8}.Release|x64.ActiveCfg = Release|Any CPU
		{4616FB55-6C43-4CA0-B556-9574E4E45CB8}.Release|x64.Build.0 = Release|Any CPU
		{4616FB55-6C43-4CA0-B556-9574E4E45CB8}.Release|x86.ActiveCfg = Release|Any CPU
		{4616FB55-6C43-4CA0-B556-9574E4E45CB8}.Release|x86.Build.0 = Release|Any CPU
		{58F31B37-4D59-429D-AC63-1A5BA8897BBC}.Debug|Any CPU.ActiveCfg = Debug|Any CPU
		{58F31B37-4D59-429D-AC63-1A5BA8897BBC}.Debug|Any CPU.Build.0 = Debug|Any CPU
		{58F31B37-4D59-429D-AC63-1A5BA8897BBC}.Debug|x64.ActiveCfg = Debug|Any CPU
		{58F31B37-4D59-429D-AC63-1A5BA8897BBC}.Debug|x64.Build.0 = Debug|Any CPU
		{58F31B37-4D59-429D-AC63-1A5BA8897BBC}.Debug|x86.ActiveCfg = Debug|Any CPU
		{58F31B37-4D59-429D-AC63-1A5BA8897BBC}.Debug|x86.Build.0 = Debug|Any CPU
		{58F31B37-4D59-429D-AC63-1A5BA8897BBC}.Release|Any CPU.ActiveCfg = Release|Any CPU
		{58F31B37-4D59-429D-AC63-1A5BA8897BBC}.Release|Any CPU.Build.0 = Release|Any CPU
		{58F31B37-4D59-429D-AC63-1A5BA8897BBC}.Release|x64.ActiveCfg = Release|Any CPU
		{58F31B37-4D59-429D-AC63-1A5BA8897BBC}.Release|x64.Build.0 = Release|Any CPU
		{58F31B37-4D59-429D-AC63-1A5BA8897BBC}.Release|x86.ActiveCfg = Release|Any CPU
		{58F31B37-4D59-429D-AC63-1A5BA8897BBC}.Release|x86.Build.0 = Release|Any CPU
		{891A6C63-1908-42AE-B049-858B0F7F511A}.Debug|Any CPU.ActiveCfg = Debug|Any CPU
		{891A6C63-1908-42AE-B049-858B0F7F511A}.Debug|Any CPU.Build.0 = Debug|Any CPU
		{891A6C63-1908-42AE-B049-858B0F7F511A}.Debug|x64.ActiveCfg = Debug|Any CPU
		{891A6C63-1908-42AE-B049-858B0F7F511A}.Debug|x64.Build.0 = Debug|Any CPU
		{891A6C63-1908-42AE-B049-858B0F7F511A}.Debug|x86.ActiveCfg = Debug|Any CPU
		{891A6C63-1908-42AE-B049-858B0F7F511A}.Debug|x86.Build.0 = Debug|Any CPU
		{891A6C63-1908-42AE-B049-858B0F7F511A}.Release|Any CPU.ActiveCfg = Release|Any CPU
		{891A6C63-1908-42AE-B049-858B0F7F511A}.Release|Any CPU.Build.0 = Release|Any CPU
		{891A6C63-1908-42AE-B049-858B0F7F511A}.Release|x64.ActiveCfg = Release|Any CPU
		{891A6C63-1908-42AE-B049-858B0F7F511A}.Release|x64.Build.0 = Release|Any CPU
		{891A6C63-1908-42AE-B049-858B0F7F511A}.Release|x86.ActiveCfg = Release|Any CPU
		{891A6C63-1908-42AE-B049-858B0F7F511A}.Release|x86.Build.0 = Release|Any CPU
		{486DE195-0B42-4429-80DD-2E7EAEC39045}.Debug|Any CPU.ActiveCfg = Debug|Any CPU
		{486DE195-0B42-4429-80DD-2E7EAEC39045}.Debug|Any CPU.Build.0 = Debug|Any CPU
		{486DE195-0B42-4429-80DD-2E7EAEC39045}.Debug|x64.ActiveCfg = Debug|Any CPU
		{486DE195-0B42-4429-80DD-2E7EAEC39045}.Debug|x64.Build.0 = Debug|Any CPU
		{486DE195-0B42-4429-80DD-2E7EAEC39045}.Debug|x86.ActiveCfg = Debug|Any CPU
		{486DE195-0B42-4429-80DD-2E7EAEC39045}.Debug|x86.Build.0 = Debug|Any CPU
		{486DE195-0B42-4429-80DD-2E7EAEC39045}.Release|Any CPU.ActiveCfg = Release|Any CPU
		{486DE195-0B42-4429-80DD-2E7EAEC39045}.Release|Any CPU.Build.0 = Release|Any CPU
		{486DE195-0B42-4429-80DD-2E7EAEC39045}.Release|x64.ActiveCfg = Release|Any CPU
		{486DE195-0B42-4429-80DD-2E7EAEC39045}.Release|x64.Build.0 = Release|Any CPU
		{486DE195-0B42-4429-80DD-2E7EAEC39045}.Release|x86.ActiveCfg = Release|Any CPU
		{486DE195-0B42-4429-80DD-2E7EAEC39045}.Release|x86.Build.0 = Release|Any CPU
		{934D22AD-8BCA-42C4-890A-9421429504D9}.Debug|Any CPU.ActiveCfg = Debug|Any CPU
		{934D22AD-8BCA-42C4-890A-9421429504D9}.Debug|Any CPU.Build.0 = Debug|Any CPU
		{934D22AD-8BCA-42C4-890A-9421429504D9}.Debug|x64.ActiveCfg = Debug|Any CPU
		{934D22AD-8BCA-42C4-890A-9421429504D9}.Debug|x64.Build.0 = Debug|Any CPU
		{934D22AD-8BCA-42C4-890A-9421429504D9}.Debug|x86.ActiveCfg = Debug|Any CPU
		{934D22AD-8BCA-42C4-890A-9421429504D9}.Debug|x86.Build.0 = Debug|Any CPU
		{934D22AD-8BCA-42C4-890A-9421429504D9}.Release|Any CPU.ActiveCfg = Release|Any CPU
		{934D22AD-8BCA-42C4-890A-9421429504D9}.Release|Any CPU.Build.0 = Release|Any CPU
		{934D22AD-8BCA-42C4-890A-9421429504D9}.Release|x64.ActiveCfg = Release|Any CPU
		{934D22AD-8BCA-42C4-890A-9421429504D9}.Release|x64.Build.0 = Release|Any CPU
		{934D22AD-8BCA-42C4-890A-9421429504D9}.Release|x86.ActiveCfg = Release|Any CPU
		{934D22AD-8BCA-42C4-890A-9421429504D9}.Release|x86.Build.0 = Release|Any CPU
	EndGlobalSection
	GlobalSection(SolutionProperties) = preSolution
		HideSolutionNode = FALSE
	EndGlobalSection
	GlobalSection(NestedProjects) = preSolution
		{19F86199-513B-AC0D-3058-F5C881141FB2} = {70717A9F-5A3C-4AA0-B667-B66304ADFDD8}
		{A2E818C9-ED32-40E5-A8C0-93EEECD9D752} = {70717A9F-5A3C-4AA0-B667-B66304ADFDD8}
		{EB1F57D8-687B-4218-A549-89AA5C829340} = {02EA681E-C7D8-13C7-8484-4AC65E1B71E8}
		{8F0D7162-6E9C-439C-A432-92B3AC74B578} = {05B51961-0C61-4BFF-9F89-D1CFB3622D92}
		{4616FB55-6C43-4CA0-B556-9574E4E45CB8} = {02EA681E-C7D8-13C7-8484-4AC65E1B71E8}
		{70717A9F-5A3C-4AA0-B667-B66304ADFDD8} = {C4FDA586-14B4-4E42-92B2-297ECC7BC729}
		{9D37520C-849C-48B4-A7F4-5EA99FF9B54D} = {C4FDA586-14B4-4E42-92B2-297ECC7BC729}
		{58F31B37-4D59-429D-AC63-1A5BA8897BBC} = {02EA681E-C7D8-13C7-8484-4AC65E1B71E8}
		{891A6C63-1908-42AE-B049-858B0F7F511A} = {02EA681E-C7D8-13C7-8484-4AC65E1B71E8}
		{486DE195-0B42-4429-80DD-2E7EAEC39045} = {02EA681E-C7D8-13C7-8484-4AC65E1B71E8}
		{934D22AD-8BCA-42C4-890A-9421429504D9} = {9D37520C-849C-48B4-A7F4-5EA99FF9B54D}
	EndGlobalSection
	GlobalSection(ExtensibilityGlobals) = postSolution
		SolutionGuid = {AE980552-645C-4D68-901E-6656CF0D5670}
	EndGlobalSection
EndGlobal
